
Microsoft Visual Studio Solution File, Format Version 12.00
# Visual Studio 15
VisualStudioVersion = 15.0.26430.14
MinimumVisualStudioVersion = 10.0.40219.1
Project("{FAE04EC0-301F-11D3-BF4B-00C04F79EFBC}") = "SpanDemo", "SpanDemo\SpanDemo.csproj", "{950437ED-134A-4AC4-A5EA-426D57568D77}"
EndProject
Global
	GlobalSection(SolutionConfigurationPlatforms) = preSolution
		Debug|Any CPU = Debug|Any CPU
		Release|Any CPU = Release|Any CPU
	EndGlobalSection
	GlobalSection(ProjectConfigurationPlatforms) = postSolution
		{950437ED-134A-4AC4-A5EA-426D57568D77}.Debug|Any CPU.ActiveCfg = Debug|Any CPU
		{950437ED-134A-4AC4-A5EA-426D57568D77}.Debug|Any CPU.Build.0 = Debug|Any CPU
		{950437ED-134A-4AC4-A5EA-426D57568D77}.Release|Any CPU.ActiveCfg = Release|Any CPU
		{950437ED-134A-4AC4-A5EA-426D57568D77}.Release|Any CPU.Build.0 = Release|Any CPU
	EndGlobalSection
	GlobalSection(SolutionProperties) = preSolution
		HideSolutionNode = FALSE
	EndGlobalSection
EndGlobal
